
Microsoft Visual Studio Solution File, Format Version 12.00
# Visual Studio 2012
Project("{FAE04EC0-301F-11D3-BF4B-00C04F79EFBC}") = "Magicdawn", "Magicdawn\Magicdawn.csproj", "{C8CA18FD-D0DE-4A09-81CF-F8AEB3B85744}"
EndProject
Project("{FAE04EC0-301F-11D3-BF4B-00C04F79EFBC}") = "TestForm", "TestForm\TestForm.csproj", "{FF649971-532F-479D-A27B-79DDDA9A7A96}"
EndProject
Project("{FAE04EC0-301F-11D3-BF4B-00C04F79EFBC}") = "Magicdawn.IconLib", "Magicdawn.IconLib\Magicdawn.IconLib.csproj", "{CD9940AF-AB69-4930-9F25-F3085D0AE878}"
EndProject
Project("{FAE04EC0-301F-11D3-BF4B-00C04F79EFBC}") = "Magicdawn.DotNetBars", "Magicdawn.DotNetBars\Magicdawn.DotNetBars.csproj", "{1CA7C427-0AAA-4D4B-B8D8-60D1A8F5D39E}"
EndProject
Global
	GlobalSection(SolutionConfigurationPlatforms) = preSolution
		Debug|Any CPU = Debug|Any CPU
		Debug|Mixed Platforms = Debug|Mixed Platforms
		Debug|x86 = Debug|x86
		Release|Any CPU = Release|Any CPU
		Release|Mixed Platforms = Release|Mixed Platforms
		Release|x86 = Release|x86
	EndGlobalSection
	GlobalSection(ProjectConfigurationPlatforms) = postSolution
		{C8CA18FD-D0DE-4A09-81CF-F8AEB3B85744}.Debug|Any CPU.ActiveCfg = Debug|Any CPU
		{C8CA18FD-D0DE-4A09-81CF-F8AEB3B85744}.Debug|Any CPU.Build.0 = Debug|Any CPU
		{C8CA18FD-D0DE-4A09-81CF-F8AEB3B85744}.Debug|Mixed Platforms.ActiveCfg = Debug|Any CPU
		{C8CA18FD-D0DE-4A09-81CF-F8AEB3B85744}.Debug|Mixed Platforms.Build.0 = Debug|Any CPU
		{C8CA18FD-D0DE-4A09-81CF-F8AEB3B85744}.Debug|x86.ActiveCfg = Debug|Any CPU
		{C8CA18FD-D0DE-4A09-81CF-F8AEB3B85744}.Release|Any CPU.ActiveCfg = Release|Any CPU
		{C8CA18FD-D0DE-4A09-81CF-F8AEB3B85744}.Release|Any CPU.Build.0 = Release|Any CPU
		{C8CA18FD-D0DE-4A09-81CF-F8AEB3B85744}.Release|Mixed Platforms.ActiveCfg = Release|Any CPU
		{C8CA18FD-D0DE-4A09-81CF-F8AEB3B85744}.Release|Mixed Platforms.Build.0 = Release|Any CPU
		{C8CA18FD-D0DE-4A09-81CF-F8AEB3B85744}.Release|x86.ActiveCfg = Release|Any CPU
		{FF649971-532F-479D-A27B-79DDDA9A7A96}.Debug|Any CPU.ActiveCfg = Debug|Any CPU
		{FF649971-532F-479D-A27B-79DDDA9A7A96}.Debug|Any CPU.Build.0 = Debug|Any CPU
		{FF649971-532F-479D-A27B-79DDDA9A7A96}.Debug|Mixed Platforms.ActiveCfg = Debug|Any CPU
		{FF649971-532F-479D-A27B-79DDDA9A7A96}.Debug|Mixed Platforms.Build.0 = Debug|Any CPU
		{FF649971-532F-479D-A27B-79DDDA9A7A96}.Debug|x86.ActiveCfg = Debug|Any CPU
		{FF649971-532F-479D-A27B-79DDDA9A7A96}.Release|Any CPU.ActiveCfg = Release|Any CPU
		{FF649971-532F-479D-A27B-79DDDA9A7A96}.Release|Any CPU.Build.0 = Release|Any CPU
		{FF649971-532F-479D-A27B-79DDDA9A7A96}.Release|Mixed Platforms.ActiveCfg = Release|Any CPU
		{FF649971-532F-479D-A27B-79DDDA9A7A96}.Release|Mixed Platforms.Build.0 = Release|Any CPU
		{FF649971-532F-479D-A27B-79DDDA9A7A96}.Release|x86.ActiveCfg = Release|Any CPU
		{CD9940AF-AB69-4930-9F25-F3085D0AE878}.Debug|Any CPU.ActiveCfg = Debug|Any CPU
		{CD9940AF-AB69-4930-9F25-F3085D0AE878}.Debug|Any CPU.Build.0 = Debug|Any CPU
		{CD9940AF-AB69-4930-9F25-F3085D0AE878}.Debug|Mixed Platforms.ActiveCfg = Debug|Any CPU
		{CD9940AF-AB69-4930-9F25-F3085D0AE878}.Debug|Mixed Platforms.Build.0 = Debug|Any CPU
		{CD9940AF-AB69-4930-9F25-F3085D0AE878}.Debug|x86.ActiveCfg = Debug|Any CPU
		{CD9940AF-AB69-4930-9F25-F3085D0AE878}.Release|Any CPU.ActiveCfg = Release|Any CPU
		{CD9940AF-AB69-4930-9F25-F3085D0AE878}.Release|Any CPU.Build.0 = Release|Any CPU
		{CD9940AF-AB69-4930-9F25-F3085D0AE878}.Release|Mixed Platforms.ActiveCfg = Release|Any CPU
		{CD9940AF-AB69-4930-9F25-F3085D0AE878}.Release|Mixed Platforms.Build.0 = Release|Any CPU
		{CD9940AF-AB69-4930-9F25-F3085D0AE878}.Release|x86.ActiveCfg = Release|Any CPU
		{1CA7C427-0AAA-4D4B-B8D8-60D1A8F5D39E}.Debug|Any CPU.ActiveCfg = Debug|Any CPU
		{1CA7C427-0AAA-4D4B-B8D8-60D1A8F5D39E}.Debug|Any CPU.Build.0 = Debug|Any CPU
		{1CA7C427-0AAA-4D4B-B8D8-60D1A8F5D39E}.Debug|Mixed Platforms.ActiveCfg = Debug|Any CPU
		{1CA7C427-0AAA-4D4B-B8D8-60D1A8F5D39E}.Debug|Mixed Platforms.Build.0 = Debug|Any CPU
		{1CA7C427-0AAA-4D4B-B8D8-60D1A8F5D39E}.Debug|x86.ActiveCfg = Debug|Any CPU
		{1CA7C427-0AAA-4D4B-B8D8-60D1A8F5D39E}.Release|Any CPU.ActiveCfg = Release|Any CPU
		{1CA7C427-0AAA-4D4B-B8D8-60D1A8F5D39E}.Release|Any CPU.Build.0 = Release|Any CPU
		{1CA7C427-0AAA-4D4B-B8D8-60D1A8F5D39E}.Release|Mixed Platforms.ActiveCfg = Release|Any CPU
		{1CA7C427-0AAA-4D4B-B8D8-60D1A8F5D39E}.Release|Mixed Platforms.Build.0 = Release|Any CPU
		{1CA7C427-0AAA-4D4B-B8D8-60D1A8F5D39E}.Release|x86.ActiveCfg = Release|Any CPU
	EndGlobalSection
	GlobalSection(SolutionProperties) = preSolution
		HideSolutionNode = FALSE
	EndGlobalSection
EndGlobal
